
Microsoft Visual Studio Solution File, Format Version 12.00
# Visual Studio Version 16
VisualStudioVersion = 16.0.29403.142
MinimumVisualStudioVersion = 10.0.40219.1
Project("{FAE04EC0-301F-11D3-BF4B-00C04F79EFBC}") = "Inv", "Inv\Inv.csproj", "{6824BAB3-9242-4F8D-9DA9-C13094582CD7}"
EndProject
Global
	GlobalSection(SolutionConfigurationPlatforms) = preSolution
		Debug|Any CPU = Debug|Any CPU
		Release|Any CPU = Release|Any CPU
	EndGlobalSection
	GlobalSection(ProjectConfigurationPlatforms) = postSolution
		{6824BAB3-9242-4F8D-9DA9-C13094582CD7}.Debug|Any CPU.ActiveCfg = Debug|Any CPU
		{6824BAB3-9242-4F8D-9DA9-C13094582CD7}.Debug|Any CPU.Build.0 = Debug|Any CPU
		{6824BAB3-9242-4F8D-9DA9-C13094582CD7}.Release|Any CPU.ActiveCfg = Release|Any CPU
		{6824BAB3-9242-4F8D-9DA9-C13094582CD7}.Release|Any CPU.Build.0 = Release|Any CPU
	EndGlobalSection
	GlobalSection(SolutionProperties) = preSolution
		HideSolutionNode = FALSE
	EndGlobalSection
	GlobalSection(ExtensibilityGlobals) = postSolution
		SolutionGuid = {BF41DFCA-59BB-4DF2-88A4-38A6624D4F99}
	EndGlobalSection
EndGlobal
